// !$*UTF8*$!
{
	archiveVersion = 1;
	classes = {
	};
	objectVersion = 46;
	objects = {

/* Begin PBXBuildFile section */
		DC3007FA12BE2C563D651CCD /* Pods_SimpleChatApp.framework in Frameworks */ = {isa = PBXBuildFile; fileRef = 7D4CC2C36DA156AB3DA10155 /* Pods_SimpleChatApp.framework */; };
		EE1BBD851F0CC79400462299 /* AppDelegate.swift in Sources */ = {isa = PBXBuildFile; fileRef = EE1BBD841F0CC79400462299 /* AppDelegate.swift */; };
		EE1BBD871F0CC79400462299 /* SignUpVC.swift in Sources */ = {isa = PBXBuildFile; fileRef = EE1BBD861F0CC79400462299 /* SignUpVC.swift */; };
		EE1BBD8A1F0CC79400462299 /* Main.storyboard in Resources */ = {isa = PBXBuildFile; fileRef = EE1BBD881F0CC79400462299 /* Main.storyboard */; };
		EE1BBD8C1F0CC79400462299 /* Assets.xcassets in Resources */ = {isa = PBXBuildFile; fileRef = EE1BBD8B1F0CC79400462299 /* Assets.xcassets */; };
		EE1BBD8F1F0CC79400462299 /* LaunchScreen.storyboard in Resources */ = {isa = PBXBuildFile; fileRef = EE1BBD8D1F0CC79400462299 /* LaunchScreen.storyboard */; };
		EE1BBD971F0CD47500462299 /* GoogleService-Info.plist in Resources */ = {isa = PBXBuildFile; fileRef = EE1BBD961F0CD47500462299 /* GoogleService-Info.plist */; };
		EE1BBD991F0CD68700462299 /* Constants.swift in Sources */ = {isa = PBXBuildFile; fileRef = EE1BBD981F0CD68700462299 /* Constants.swift */; };
		EE1BBD9B1F0CD6D600462299 /* DataService.swift in Sources */ = {isa = PBXBuildFile; fileRef = EE1BBD9A1F0CD6D600462299 /* DataService.swift */; };
		EEDB23651F0E58F9002BB673 /* ChannelListVC.swift in Sources */ = {isa = PBXBuildFile; fileRef = EEDB23641F0E58F9002BB673 /* ChannelListVC.swift */; };
		EEDB23671F0E59D1002BB673 /* Channel.swift in Sources */ = {isa = PBXBuildFile; fileRef = EEDB23661F0E59D1002BB673 /* Channel.swift */; };
		EEDB23691F0E5D43002BB673 /* CreateChannelCell.swift in Sources */ = {isa = PBXBuildFile; fileRef = EEDB23681F0E5D43002BB673 /* CreateChannelCell.swift */; };
		EEDB236E1F0E66DA002BB673 /* ChannelVC.swift in Sources */ = {isa = PBXBuildFile; fileRef = EEDB236D1F0E66DA002BB673 /* ChannelVC.swift */; };
/* End PBXBuildFile section */

/* Begin PBXFileReference section */
		4104F8CAC0C492459F9DDCC8 /* Pods-SimpleChatApp.release.xcconfig */ = {isa = PBXFileReference; includeInIndex = 1; lastKnownFileType = text.xcconfig; name = "Pods-SimpleChatApp.release.xcconfig"; path = "Pods/Target Support Files/Pods-SimpleChatApp/Pods-SimpleChatApp.release.xcconfig"; sourceTree = "<group>"; };
		4AC29153B8F1B0AD8E44FDC4 /* Pods-SimpleChatApp.debug.xcconfig */ = {isa = PBXFileReference; includeInIndex = 1; lastKnownFileType = text.xcconfig; name = "Pods-SimpleChatApp.debug.xcconfig"; path = "Pods/Target Support Files/Pods-SimpleChatApp/Pods-SimpleChatApp.debug.xcconfig"; sourceTree = "<group>"; };
		7D4CC2C36DA156AB3DA10155 /* Pods_SimpleChatApp.framework */ = {isa = PBXFileReference; explicitFileType = wrapper.framework; includeInIndex = 0; path = Pods_SimpleChatApp.framework; sourceTree = BUILT_PRODUCTS_DIR; };
		EE1BBD811F0CC79400462299 /* SimpleChatApp.app */ = {isa = PBXFileReference; explicitFileType = wrapper.application; includeInIndex = 0; path = SimpleChatApp.app; sourceTree = BUILT_PRODUCTS_DIR; };
		EE1BBD841F0CC79400462299 /* AppDelegate.swift */ = {isa = PBXFileReference; lastKnownFileType = sourcecode.swift; path = AppDelegate.swift; sourceTree = "<group>"; };
		EE1BBD861F0CC79400462299 /* SignUpVC.swift */ = {isa = PBXFileReference; lastKnownFileType = sourcecode.swift; path = SignUpVC.swift; sourceTree = "<group>"; };
		EE1BBD891F0CC79400462299 /* Base */ = {isa = PBXFileReference; lastKnownFileType = file.storyboard; name = Base; path = Base.lproj/Main.storyboard; sourceTree = "<group>"; };
		EE1BBD8B1F0CC79400462299 /* Assets.xcassets */ = {isa = PBXFileReference; lastKnownFileType = folder.assetcatalog; path = Assets.xcassets; sourceTree = "<group>"; };
		EE1BBD8E1F0CC79400462299 /* Base */ = {isa = PBXFileReference; lastKnownFileType = file.storyboard; name = Base; path = Base.lproj/LaunchScreen.storyboard; sourceTree = "<group>"; };
		EE1BBD901F0CC79400462299 /* Info.plist */ = {isa = PBXFileReference; lastKnownFileType = text.plist.xml; path = Info.plist; sourceTree = "<group>"; };
		EE1BBD961F0CD47500462299 /* GoogleService-Info.plist */ = {isa = PBXFileReference; fileEncoding = 4; lastKnownFileType = text.plist.xml; path = "GoogleService-Info.plist"; sourceTree = "<group>"; };
		EE1BBD981F0CD68700462299 /* Constants.swift */ = {isa = PBXFileReference; fileEncoding = 4; lastKnownFileType = sourcecode.swift; path = Constants.swift; sourceTree = "<group>"; };
		EE1BBD9A1F0CD6D600462299 /* DataService.swift */ = {isa = PBXFileReference; fileEncoding = 4; lastKnownFileType = sourcecode.swift; path = DataService.swift; sourceTree = "<group>"; };
		EEDB23641F0E58F9002BB673 /* ChannelListVC.swift */ = {isa = PBXFileReference; fileEncoding = 4; lastKnownFileType = sourcecode.swift; path = ChannelListVC.swift; sourceTree = "<group>"; };
		EEDB23661F0E59D1002BB673 /* Channel.swift */ = {isa = PBXFileReference; fileEncoding = 4; lastKnownFileType = sourcecode.swift; path = Channel.swift; sourceTree = "<group>"; };
		EEDB23681F0E5D43002BB673 /* CreateChannelCell.swift */ = {isa = PBXFileReference; fileEncoding = 4; lastKnownFileType = sourcecode.swift; path = CreateChannelCell.swift; sourceTree = "<group>"; };
		EEDB236D1F0E66DA002BB673 /* ChannelVC.swift */ = {isa = PBXFileReference; fileEncoding = 4; lastKnownFileType = sourcecode.swift; path = ChannelVC.swift; sourceTree = "<group>"; };
/* End PBXFileReference section */

/* Begin PBXFrameworksBuildPhase section */
		EE1BBD7E1F0CC79400462299 /* Frameworks */ = {
			isa = PBXFrameworksBuildPhase;
			buildActionMask = 2147483647;
			files = (
				DC3007FA12BE2C563D651CCD /* Pods_SimpleChatApp.framework in Frameworks */,
			);
			runOnlyForDeploymentPostprocessing = 0;
		};
/* End PBXFrameworksBuildPhase section */

/* Begin PBXGroup section */
		75243D5C7E5AA51E08F91E29 /* Frameworks */ = {
			isa = PBXGroup;
			children = (
				7D4CC2C36DA156AB3DA10155 /* Pods_SimpleChatApp.framework */,
			);
			name = Frameworks;
			sourceTree = "<group>";
		};
		D9B85B849A265D3A1CB4A717 /* Pods */ = {
			isa = PBXGroup;
			children = (
				4AC29153B8F1B0AD8E44FDC4 /* Pods-SimpleChatApp.debug.xcconfig */,
				4104F8CAC0C492459F9DDCC8 /* Pods-SimpleChatApp.release.xcconfig */,
			);
			name = Pods;
			sourceTree = "<group>";
		};
		EE1BBD781F0CC79400462299 = {
			isa = PBXGroup;
			children = (
				EE1BBD831F0CC79400462299 /* SimpleChatApp */,
				EE1BBD821F0CC79400462299 /* Products */,
				D9B85B849A265D3A1CB4A717 /* Pods */,
				75243D5C7E5AA51E08F91E29 /* Frameworks */,
			);
			sourceTree = "<group>";
		};
		EE1BBD821F0CC79400462299 /* Products */ = {
			isa = PBXGroup;
			children = (
				EE1BBD811F0CC79400462299 /* SimpleChatApp.app */,
			);
			name = Products;
			sourceTree = "<group>";
		};
		EE1BBD831F0CC79400462299 /* SimpleChatApp */ = {
			isa = PBXGroup;
			children = (
				EEDB236C1F0E5D9A002BB673 /* Model */,
				EEDB236B1F0E5D96002BB673 /* View */,
				EEDB236A1F0E5D88002BB673 /* Controller */,
				EE1BBD841F0CC79400462299 /* AppDelegate.swift */,
				EE1BBD881F0CC79400462299 /* Main.storyboard */,
				EE1BBD8B1F0CC79400462299 /* Assets.xcassets */,
				EE1BBD8D1F0CC79400462299 /* LaunchScreen.storyboard */,
				EE1BBD961F0CD47500462299 /* GoogleService-Info.plist */,
				EE1BBD901F0CC79400462299 /* Info.plist */,
				EE1BBD981F0CD68700462299 /* Constants.swift */,
				EE1BBD9A1F0CD6D600462299 /* DataService.swift */,
			);
			path = SimpleChatApp;
			sourceTree = "<group>";
		};
		EEDB236A1F0E5D88002BB673 /* Controller */ = {
			isa = PBXGroup;
			children = (
				EE1BBD861F0CC79400462299 /* SignUpVC.swift */,
				EEDB23641F0E58F9002BB673 /* ChannelListVC.swift */,
				EEDB236D1F0E66DA002BB673 /* ChannelVC.swift */,
			);
			name = Controller;
			sourceTree = "<group>";
		};
		EEDB236B1F0E5D96002BB673 /* View */ = {
			isa = PBXGroup;
			children = (
				EEDB23681F0E5D43002BB673 /* CreateChannelCell.swift */,
			);
			name = View;
			sourceTree = "<group>";
		};
		EEDB236C1F0E5D9A002BB673 /* Model */ = {
			isa = PBXGroup;
			children = (
				EEDB23661F0E59D1002BB673 /* Channel.swift */,
			);
			name = Model;
			sourceTree = "<group>";
		};
/* End PBXGroup section */

/* Begin PBXNativeTarget section */
		EE1BBD801F0CC79400462299 /* SimpleChatApp */ = {
			isa = PBXNativeTarget;
			buildConfigurationList = EE1BBD931F0CC79400462299 /* Build configuration list for PBXNativeTarget "SimpleChatApp" */;
			buildPhases = (
				5F0E6E005A3BD28A7AD2797C /* [CP] Check Pods Manifest.lock */,
				EE1BBD7D1F0CC79400462299 /* Sources */,
				EE1BBD7E1F0CC79400462299 /* Frameworks */,
				EE1BBD7F1F0CC79400462299 /* Resources */,
				B539C7A1D701C2555B86798E /* [CP] Embed Pods Frameworks */,
				688F93EF8CB022FD62413254 /* [CP] Copy Pods Resources */,
			);
			buildRules = (
			);
			dependencies = (
			);
			name = SimpleChatApp;
			productName = SimpleChatApp;
			productReference = EE1BBD811F0CC79400462299 /* SimpleChatApp.app */;
			productType = "com.apple.product-type.application";
		};
/* End PBXNativeTarget section */

/* Begin PBXProject section */
		EE1BBD791F0CC79400462299 /* Project object */ = {
			isa = PBXProject;
			attributes = {
				LastSwiftUpdateCheck = 0830;
				LastUpgradeCheck = 0830;
				ORGANIZATIONNAME = Sukhrat;
				TargetAttributes = {
					EE1BBD801F0CC79400462299 = {
						CreatedOnToolsVersion = 8.3.2;
						ProvisioningStyle = Automatic;
					};
				};
			};
			buildConfigurationList = EE1BBD7C1F0CC79400462299 /* Build configuration list for PBXProject "SimpleChatApp" */;
			compatibilityVersion = "Xcode 3.2";
			developmentRegion = English;
			hasScannedForEncodings = 0;
			knownRegions = (
				en,
				Base,
			);
			mainGroup = EE1BBD781F0CC79400462299;
			productRefGroup = EE1BBD821F0CC79400462299 /* Products */;
			projectDirPath = "";
			projectRoot = "";
			targets = (
				EE1BBD801F0CC79400462299 /* SimpleChatApp */,
			);
		};
/* End PBXProject section */

/* Begin PBXResourcesBuildPhase section */
		EE1BBD7F1F0CC79400462299 /* Resources */ = {
			isa = PBXResourcesBuildPhase;
			buildActionMask = 2147483647;
			files = (
				EE1BBD8F1F0CC79400462299 /* LaunchScreen.storyboard in Resources */,
				EE1BBD971F0CD47500462299 /* GoogleService-Info.plist in Resources */,
				EE1BBD8C1F0CC79400462299 /* Assets.xcassets in Resources */,
				EE1BBD8A1F0CC79400462299 /* Main.storyboard in Resources */,
			);
			runOnlyForDeploymentPostprocessing = 0;
		};
/* End PBXResourcesBuildPhase section */

/* Begin PBXShellScriptBuildPhase section */
		5F0E6E005A3BD28A7AD2797C /* [CP] Check Pods Manifest.lock */ = {
			isa = PBXShellScriptBuildPhase;
			buildActionMask = 2147483647;
			files = (
			);
			inputPaths = (
			);
			name = "[CP] Check Pods Manifest.lock";
			outputPaths = (
			);
			runOnlyForDeploymentPostprocessing = 0;
			shellPath = /bin/sh;
			shellScript = "diff \"${PODS_ROOT}/../Podfile.lock\" \"${PODS_ROOT}/Manifest.lock\" > /dev/null\nif [ $? != 0 ] ; then\n    # print error to STDERR\n    echo \"error: The sandbox is not in sync with the Podfile.lock. Run 'pod install' or update your CocoaPods installation.\" >&2\n    exit 1\nfi\n";
			showEnvVarsInLog = 0;
		};
		688F93EF8CB022FD62413254 /* [CP] Copy Pods Resources */ = {
			isa = PBXShellScriptBuildPhase;
			buildActionMask = 2147483647;
			files = (
			);
			inputPaths = (
			);
			name = "[CP] Copy Pods Resources";
			outputPaths = (
			);
			runOnlyForDeploymentPostprocessing = 0;
			shellPath = /bin/sh;
			shellScript = "\"${SRCROOT}/Pods/Target Support Files/Pods-SimpleChatApp/Pods-SimpleChatApp-resources.sh\"\n";
			showEnvVarsInLog = 0;
		};
		B539C7A1D701C2555B86798E /* [CP] Embed Pods Frameworks */ = {
			isa = PBXShellScriptBuildPhase;
			buildActionMask = 2147483647;
			files = (
			);
			inputPaths = (
			);
			name = "[CP] Embed Pods Frameworks";
			outputPaths = (
			);
			runOnlyForDeploymentPostprocessing = 0;
			shellPath = /bin/sh;
			shellScript = "\"${SRCROOT}/Pods/Target Support Files/Pods-SimpleChatApp/Pods-SimpleChatApp-frameworks.sh\"\n";
			showEnvVarsInLog = 0;
		};
/* End PBXShellScriptBuildPhase section */

/* Begin PBXSourcesBuildPhase section */
		EE1BBD7D1F0CC79400462299 /* Sources */ = {
			isa = PBXSourcesBuildPhase;
			buildActionMask = 2147483647;
			files = (
				EE1BBD871F0CC79400462299 /* SignUpVC.swift in Sources */,
				EEDB23671F0E59D1002BB673 /* Channel.swift in Sources */,
				EE1BBD851F0CC79400462299 /* AppDelegate.swift in Sources */,
				EEDB23651F0E58F9002BB673 /* ChannelListVC.swift in Sources */,
				EEDB236E1F0E66DA002BB673 /* ChannelVC.swift in Sources */,
				EE1BBD991F0CD68700462299 /* Constants.swift in Sources */,
				EE1BBD9B1F0CD6D600462299 /* DataService.swift in Sources */,
				EEDB23691F0E5D43002BB673 /* CreateChannelCell.swift in Sources */,
			);
			runOnlyForDeploymentPostprocessing = 0;
		};
/* End PBXSourcesBuildPhase section */

/* Begin PBXVariantGroup section */
		EE1BBD881F0CC79400462299 /* Main.storyboard */ = {
			isa = PBXVariantGroup;
			children = (
				EE1BBD891F0CC79400462299 /* Base */,
			);
			name = Main.storyboard;
			sourceTree = "<group>";
		};
		EE1BBD8D1F0CC79400462299 /* LaunchScreen.storyboard */ = {
			isa = PBXVariantGroup;
			children = (
				EE1BBD8E1F0CC79400462299 /* Base */,
			);
			name = LaunchScreen.storyboard;
			sourceTree = "<group>";
		};
/* End PBXVariantGroup section */

/* Begin XCBuildConfiguration section */
		EE1BBD911F0CC79400462299 /* Debug */ = {
			isa = XCBuildConfiguration;
			buildSettings = {
				ALWAYS_SEARCH_USER_PATHS = NO;
				CLANG_ANALYZER_NONNULL = YES;
				CLANG_ANALYZER_NUMBER_OBJECT_CONVERSION = YES_AGGRESSIVE;
				CLANG_CXX_LANGUAGE_STANDARD = "gnu++0x";
				CLANG_CXX_LIBRARY = "libc++";
				CLANG_ENABLE_MODULES = YES;
				CLANG_ENABLE_OBJC_ARC = YES;
				CLANG_WARN_BOOL_CONVERSION = YES;
				CLANG_WARN_CONSTANT_CONVERSION = YES;
				CLANG_WARN_DIRECT_OBJC_ISA_USAGE = YES_ERROR;
				CLANG_WARN_DOCUMENTATION_COMMENTS = YES;
				CLANG_WARN_EMPTY_BODY = YES;
				CLANG_WARN_ENUM_CONVERSION = YES;
				CLANG_WARN_INFINITE_RECURSION = YES;
				CLANG_WARN_INT_CONVERSION = YES;
				CLANG_WARN_OBJC_ROOT_CLASS = YES_ERROR;
				CLANG_WARN_SUSPICIOUS_MOVE = YES;
				CLANG_WARN_UNREACHABLE_CODE = YES;
				CLANG_WARN__DUPLICATE_METHOD_MATCH = YES;
				"CODE_SIGN_IDENTITY[sdk=iphoneos*]" = "iPhone Developer";
				COPY_PHASE_STRIP = NO;
				DEBUG_INFORMATION_FORMAT = dwarf;
				ENABLE_STRICT_OBJC_MSGSEND = YES;
				ENABLE_TESTABILITY = YES;
				GCC_C_LANGUAGE_STANDARD = gnu99;
				GCC_DYNAMIC_NO_PIC = NO;
				GCC_NO_COMMON_BLOCKS = YES;
				GCC_OPTIMIZATION_LEVEL = 0;
				GCC_PREPROCESSOR_DEFINITIONS = (
					"DEBUG=1",
					"$(inherited)",
				);
				GCC_WARN_64_TO_32_BIT_CONVERSION = YES;
				GCC_WARN_ABOUT_RETURN_TYPE = YES_ERROR;
				GCC_WARN_UNDECLARED_SELECTOR = YES;
				GCC_WARN_UNINITIALIZED_AUTOS = YES_AGGRESSIVE;
				GCC_WARN_UNUSED_FUNCTION = YES;
				GCC_WARN_UNUSED_VARIABLE = YES;
				IPHONEOS_DEPLOYMENT_TARGET = 10.3;
				MTL_ENABLE_DEBUG_INFO = YES;
				ONLY_ACTIVE_ARCH = YES;
				SDKROOT = iphoneos;
				SWIFT_ACTIVE_COMPILATION_CONDITIONS = DEBUG;
				SWIFT_OPTIMIZATION_LEVEL = "-Onone";
			};
			name = Debug;
		};
		EE1BBD921F0CC79400462299 /* Release */ = {
			isa = XCBuildConfiguration;
			buildSettings = {
				ALWAYS_SEARCH_USER_PATHS = NO;
				CLANG_ANALYZER_NONNULL = YES;
				CLANG_ANALYZER_NUMBER_OBJECT_CONVERSION = YES_AGGRESSIVE;
				CLANG_CXX_LANGUAGE_STANDARD = "gnu++0x";
				CLANG_CXX_LIBRARY = "libc++";
				CLANG_ENABLE_MODULES = YES;
				CLANG_ENABLE_OBJC_ARC = YES;
				CLANG_WARN_BOOL_CONVERSION = YES;
				CLANG_WARN_CONSTANT_CONVERSION = YES;
				CLANG_WARN_DIRECT_OBJC_ISA_USAGE = YES_ERROR;
				CLANG_WARN_DOCUMENTATION_COMMENTS = YES;
				CLANG_WARN_EMPTY_BODY = YES;
				CLANG_WARN_ENUM_CONVERSION = YES;
				CLANG_WARN_INFINITE_RECURSION = YES;
				CLANG_WARN_INT_CONVERSION = YES;
				CLANG_WARN_OBJC_ROOT_CLASS = YES_ERROR;
				CLANG_WARN_SUSPICIOUS_MOVE = YES;
				CLANG_WARN_UNREACHABLE_CODE = YES;
				CLANG_WARN__DUPLICATE_METHOD_MATCH = YES;
				"CODE_SIGN_IDENTITY[sdk=iphoneos*]" = "iPhone Developer";
				COPY_PHASE_STRIP = NO;
				DEBUG_INFORMATION_FORMAT = "dwarf-with-dsym";
				ENABLE_NS_ASSERTIONS = NO;
				ENABLE_STRICT_OBJC_MSGSEND = YES;
				GCC_C_LANGUAGE_STANDARD = gnu99;
				GCC_NO_COMMON_BLOCKS = YES;
				GCC_WARN_64_TO_32_BIT_CONVERSION = YES;
				GCC_WARN_ABOUT_RETURN_TYPE = YES_ERROR;
				GCC_WARN_UNDECLARED_SELECTOR = YES;
				GCC_WARN_UNINITIALIZED_AUTOS = YES_AGGRESSIVE;
				GCC_WARN_UNUSED_FUNCTION = YES;
				GCC_WARN_UNUSED_VARIABLE = YES;
				IPHONEOS_DEPLOYMENT_TARGET = 10.3;
				MTL_ENABLE_DEBUG_INFO = NO;
				SDKROOT = iphoneos;
				SWIFT_OPTIMIZATION_LEVEL = "-Owholemodule";
				VALIDATE_PRODUCT = YES;
			};
			name = Release;
		};
		EE1BBD941F0CC79400462299 /* Debug */ = {
			isa = XCBuildConfiguration;
			baseConfigurationReference = 4AC29153B8F1B0AD8E44FDC4 /* Pods-SimpleChatApp.debug.xcconfig */;
			buildSettings = {
				ASSETCATALOG_COMPILER_APPICON_NAME = AppIcon;
				INFOPLIST_FILE = SimpleChatApp/Info.plist;
				LD_RUNPATH_SEARCH_PATHS = "$(inherited) @executable_path/Frameworks";
				PRODUCT_BUNDLE_IDENTIFIER = com.Sukhrat.Sample.SimpleChatApp;
				PRODUCT_NAME = "$(TARGET_NAME)";
				SWIFT_VERSION = 3.0;
			};
			name = Debug;
		};
		EE1BBD951F0CC79400462299 /* Release */ = {
			isa = XCBuildConfiguration;
			baseConfigurationReference = 4104F8CAC0C492459F9DDCC8 /* Pods-SimpleChatApp.release.xcconfig */;
			buildSettings = {
				ASSETCATALOG_COMPILER_APPICON_NAME = AppIcon;
				INFOPLIST_FILE = SimpleChatApp/Info.plist;
				LD_RUNPATH_SEARCH_PATHS = "$(inherited) @executable_path/Frameworks";
				PRODUCT_BUNDLE_IDENTIFIER = com.Sukhrat.Sample.SimpleChatApp;
				PRODUCT_NAME = "$(TARGET_NAME)";
				SWIFT_VERSION = 3.0;
			};
			name = Release;
		};
/* End XCBuildConfiguration section */

/* Begin XCConfigurationList section */
		EE1BBD7C1F0CC79400462299 /* Build configuration list for PBXProject "SimpleChatApp" */ = {
			isa = XCConfigurationList;
			buildConfigurations = (
				EE1BBD911F0CC79400462299 /* Debug */,
				EE1BBD921F0CC79400462299 /* Release */,
			);
			defaultConfigurationIsVisible = 0;
			defaultConfigurationName = Release;
		};
		EE1BBD931F0CC79400462299 /* Build configuration list for PBXNativeTarget "SimpleChatApp" */ = {
			isa = XCConfigurationList;
			buildConfigurations = (
				EE1BBD941F0CC79400462299 /* Debug */,
				EE1BBD951F0CC79400462299 /* Release */,
			);
			defaultConfigurationIsVisible = 0;
			defaultConfigurationName = Release;
		};
/* End XCConfigurationList section */
	};
	rootObject = EE1BBD791F0CC79400462299 /* Project object */;
}
